
Microsoft Visual Studio Solution File, Format Version 12.00
# Visual Studio Version 17
VisualStudioVersion = 17.13.36105.23 d17.13
MinimumVisualStudioVersion = 10.0.40219.1
Project("{FAE04EC0-301F-11D3-BF4B-00C04F79EFBC}") = "PM", "PM.csproj", "{5E96E0E2-6CAD-4994-8310-97A44A48C0DE}"
EndProject
Global
	GlobalSection(SolutionConfigurationPlatforms) = preSolution
		Debug|Any CPU = Debug|Any CPU
		Release|Any CPU = Release|Any CPU
	EndGlobalSection
	GlobalSection(ProjectConfigurationPlatforms) = postSolution
		{5E96E0E2-6CAD-4994-8310-97A44A48C0DE}.Debug|Any CPU.ActiveCfg = Debug|Any CPU
		{5E96E0E2-6CAD-4994-8310-97A44A48C0DE}.Debug|Any CPU.Build.0 = Debug|Any CPU
		{5E96E0E2-6CAD-4994-8310-97A44A48C0DE}.Release|Any CPU.ActiveCfg = Release|Any CPU
		{5E96E0E2-6CAD-4994-8310-97A44A48C0DE}.Release|Any CPU.Build.0 = Release|Any CPU
	EndGlobalSection
	GlobalSection(SolutionProperties) = preSolution
		HideSolutionNode = FALSE
	EndGlobalSection
	GlobalSection(ExtensibilityGlobals) = postSolution
		SolutionGuid = {34724B6B-2B70-4B22-AF65-E0504CF76261}
	EndGlobalSection
EndGlobal
